<Solution>
  <Project Path="Assembly-CSharp.csproj" />
  <Project Path="SimulationCore.Logging.csproj" />
  <Project Path="SimulationCore.ExternalCommands.csproj" />
  <Project Path="SimulationCore.CommandSystem.csproj" />
  <Project Path="SimulationCore.csproj" />
  <Project Path="SimulationCore.Unity.ExternalCommands.csproj" />
  <Project Path="SimulationCore.Unity.Logging.csproj" />
</Solution>
