<Solution>
  <Project Path="Framework.DeterministicSimulation.Unity.csproj" />
  <Project Path="Framework.Testability.Tests.csproj" />
  <Project Path="Module.SimulationObjectRegistry.csproj" />
  <Project Path="Game.Arena.Application.csproj" />
  <Project Path="Module.SeededRandom.csproj" />
  <Project Path="Module.WaveDispatcher.Tests.csproj" />
  <Project Path="Module.InvariantChecks.csproj" />
  <Project Path="Game.Arena.Domain.Tests.csproj" />
  <Project Path="Game.Arena.Domain.csproj" />
  <Project Path="Framework.DeterministicSimulation.Tests.csproj" />
  <Project Path="Framework.DeterministicSimulation.csproj" />
  <Project Path="Module.TraceBuffer.csproj" />
  <Project Path="Game.Arena.Integration.csproj" />
  <Project Path="Module.TickInputBuffer.csproj" />
  <Project Path="Module.WaveDispatcher.csproj" />
  <Project Path="Game.Arena.PlayMode.Tests.csproj" />
  <Project Path="Module.TickInputBuffer.Tests.csproj" />
  <Project Path="Framework.Testability.csproj" />
  <Project Path="Framework.DeterministicSimulation.Unity.EditMode.Tests.csproj" />
  <Project Path="Framework.DeterministicSimulation.Unity.PlayMode.Tests.csproj" />
  <Project Path="Game.Arena.Unity.csproj" />
  <Project Path="Game.Arena.Application.Tests.csproj" />
  <Project Path="Module.SimulationObjectRegistry.Tests.csproj" />
  <Project Path="Game.Arena.Infrastructure.csproj" />
  <Project Path="Game.Arena.Integration.Tests.csproj" />
  <Project Path="Framework.GameplayProtocol.csproj" />
  <Project Path="Module.SimulationPrimitives.csproj" />
  <Project Path="Module.InvariantChecks.Tests.csproj" />
  <Project Path="Game.Arena.Composition.csproj" />
  <Project Path="Module.SeededRandom.Tests.csproj" />
  <Project Path="Assembly-CSharp.csproj" />
  <Project Path="Module.TraceBuffer.Tests.csproj" />
  <Project Path="Game.Arena.Editor.csproj" />
  <Project Path="Framework.GameplayProtocol.Tests.csproj" />
</Solution>
